
Microsoft Visual Studio Solution File, Format Version 12.00
# Visual Studio Version 17
VisualStudioVersion = 17.7.34024.191
MinimumVisualStudioVersion = 10.0.40219.1
Project("{FAE04EC0-301F-11D3-BF4B-00C04F79EFBC}") = "NoteMauiBlazorWasm", "NoteMauiBlazorWasm\NoteMauiBlazorWasm.csproj", "{BDA71CDB-601D-4100-9D19-9CAAE7018B90}"
EndProject
Project("{FAE04EC0-301F-11D3-BF4B-00C04F79EFBC}") = "NoteMauiBlazorWasm.Web", "NoteMauiBlazorWasm.Web\NoteMauiBlazorWasm.Web.csproj", "{8416AE69-E60A-4840-ACB8-3805AEF819C7}"
EndProject
Project("{FAE04EC0-301F-11D3-BF4B-00C04F79EFBC}") = "NoteMauiBlazorWasm.Common", "NoteMauiBlazorWasm.Common\NoteMauiBlazorWasm.Common.csproj", "{90CE6DF3-0992-41FF-8545-D3397B15866F}"
EndProject
Project("{FAE04EC0-301F-11D3-BF4B-00C04F79EFBC}") = "NoteMauiBlazorWasm.Common.Components", "NoteMauiBlazorWasm.Common.Components\NoteMauiBlazorWasm.Common.Components.csproj", "{284573D7-D101-4ECB-A5B6-A58962250AA9}"
EndProject
Global
	GlobalSection(SolutionConfigurationPlatforms) = preSolution
		Debug|Any CPU = Debug|Any CPU
		Release|Any CPU = Release|Any CPU
	EndGlobalSection
	GlobalSection(ProjectConfigurationPlatforms) = postSolution
		{BDA71CDB-601D-4100-9D19-9CAAE7018B90}.Debug|Any CPU.ActiveCfg = Debug|Any CPU
		{BDA71CDB-601D-4100-9D19-9CAAE7018B90}.Debug|Any CPU.Build.0 = Debug|Any CPU
		{BDA71CDB-601D-4100-9D19-9CAAE7018B90}.Debug|Any CPU.Deploy.0 = Debug|Any CPU
		{BDA71CDB-601D-4100-9D19-9CAAE7018B90}.Release|Any CPU.ActiveCfg = Release|Any CPU
		{BDA71CDB-601D-4100-9D19-9CAAE7018B90}.Release|Any CPU.Build.0 = Release|Any CPU
		{BDA71CDB-601D-4100-9D19-9CAAE7018B90}.Release|Any CPU.Deploy.0 = Release|Any CPU
		{8416AE69-E60A-4840-ACB8-3805AEF819C7}.Debug|Any CPU.ActiveCfg = Debug|Any CPU
		{8416AE69-E60A-4840-ACB8-3805AEF819C7}.Debug|Any CPU.Build.0 = Debug|Any CPU
		{8416AE69-E60A-4840-ACB8-3805AEF819C7}.Release|Any CPU.ActiveCfg = Release|Any CPU
		{8416AE69-E60A-4840-ACB8-3805AEF819C7}.Release|Any CPU.Build.0 = Release|Any CPU
		{90CE6DF3-0992-41FF-8545-D3397B15866F}.Debug|Any CPU.ActiveCfg = Debug|Any CPU
		{90CE6DF3-0992-41FF-8545-D3397B15866F}.Debug|Any CPU.Build.0 = Debug|Any CPU
		{90CE6DF3-0992-41FF-8545-D3397B15866F}.Release|Any CPU.ActiveCfg = Release|Any CPU
		{90CE6DF3-0992-41FF-8545-D3397B15866F}.Release|Any CPU.Build.0 = Release|Any CPU
		{284573D7-D101-4ECB-A5B6-A58962250AA9}.Debug|Any CPU.ActiveCfg = Debug|Any CPU
		{284573D7-D101-4ECB-A5B6-A58962250AA9}.Debug|Any CPU.Build.0 = Debug|Any CPU
		{284573D7-D101-4ECB-A5B6-A58962250AA9}.Release|Any CPU.ActiveCfg = Release|Any CPU
		{284573D7-D101-4ECB-A5B6-A58962250AA9}.Release|Any CPU.Build.0 = Release|Any CPU
	EndGlobalSection
	GlobalSection(SolutionProperties) = preSolution
		HideSolutionNode = FALSE
	EndGlobalSection
	GlobalSection(ExtensibilityGlobals) = postSolution
		SolutionGuid = {41096507-DF54-413C-86F5-075A85535A39}
	EndGlobalSection
EndGlobal
